
Microsoft Visual Studio Solution File, Format Version 12.00
# Visual Studio Version 16
VisualStudioVersion = 16.0.31112.23
MinimumVisualStudioVersion = 10.0.40219.1
Project("{9A19103F-16F7-4668-BE54-9A1E7A4F7556}") = "InvoiceManager.Portal", "InvoiceManager.Portal\InvoiceManager.Portal.csproj", "{97FBE97F-D746-4B3E-B00F-8F0B0E947826}"
EndProject
Project("{9A19103F-16F7-4668-BE54-9A1E7A4F7556}") = "InvoiceManager.Model", "InvoiceManager.Model\InvoiceManager.Model.csproj", "{9D12E3DC-DA1D-4A0A-BDCB-AF9CF66B0CA4}"
EndProject
Project("{9A19103F-16F7-4668-BE54-9A1E7A4F7556}") = "InvoiceManager.API", "InvoiceManager.API\InvoiceManager.API.csproj", "{83BA7BE3-6A34-4997-B57C-A4C485F03C4B}"
EndProject
Global
	GlobalSection(SolutionConfigurationPlatforms) = preSolution
		Debug|Any CPU = Debug|Any CPU
		Release|Any CPU = Release|Any CPU
	EndGlobalSection
	GlobalSection(ProjectConfigurationPlatforms) = postSolution
		{97FBE97F-D746-4B3E-B00F-8F0B0E947826}.Debug|Any CPU.ActiveCfg = Debug|Any CPU
		{97FBE97F-D746-4B3E-B00F-8F0B0E947826}.Debug|Any CPU.Build.0 = Debug|Any CPU
		{97FBE97F-D746-4B3E-B00F-8F0B0E947826}.Release|Any CPU.ActiveCfg = Release|Any CPU
		{97FBE97F-D746-4B3E-B00F-8F0B0E947826}.Release|Any CPU.Build.0 = Release|Any CPU
		{9D12E3DC-DA1D-4A0A-BDCB-AF9CF66B0CA4}.Debug|Any CPU.ActiveCfg = Debug|Any CPU
		{9D12E3DC-DA1D-4A0A-BDCB-AF9CF66B0CA4}.Debug|Any CPU.Build.0 = Debug|Any CPU
		{9D12E3DC-DA1D-4A0A-BDCB-AF9CF66B0CA4}.Release|Any CPU.ActiveCfg = Release|Any CPU
		{9D12E3DC-DA1D-4A0A-BDCB-AF9CF66B0CA4}.Release|Any CPU.Build.0 = Release|Any CPU
		{83BA7BE3-6A34-4997-B57C-A4C485F03C4B}.Debug|Any CPU.ActiveCfg = Debug|Any CPU
		{83BA7BE3-6A34-4997-B57C-A4C485F03C4B}.Debug|Any CPU.Build.0 = Debug|Any CPU
		{83BA7BE3-6A34-4997-B57C-A4C485F03C4B}.Release|Any CPU.ActiveCfg = Release|Any CPU
		{83BA7BE3-6A34-4997-B57C-A4C485F03C4B}.Release|Any CPU.Build.0 = Release|Any CPU
	EndGlobalSection
	GlobalSection(SolutionProperties) = preSolution
		HideSolutionNode = FALSE
	EndGlobalSection
	GlobalSection(ExtensibilityGlobals) = postSolution
		SolutionGuid = {5DCD6B5B-8A47-44A8-8DAC-98D9A3A1C3F4}
	EndGlobalSection
EndGlobal
